// !$*UTF8*$!
{
	archiveVersion = 1;
	classes = {
	};
	objectVersion = 46;
	objects = {

/* Begin PBXBuildFile section */
		85BEA53C1CF3088A00AD2298 /* main.m in Sources */ = {isa = PBXBuildFile; fileRef = 85BEA53B1CF3088A00AD2298 /* main.m */; };
		85BEA53F1CF3088A00AD2298 /* AppDelegate.m in Sources */ = {isa = PBXBuildFile; fileRef = 85BEA53E1CF3088A00AD2298 /* AppDelegate.m */; };
		85BEA5421CF3088A00AD2298 /* ViewController.m in Sources */ = {isa = PBXBuildFile; fileRef = 85BEA5411CF3088A00AD2298 /* ViewController.m */; };
		85BEA5451CF3088A00AD2298 /* Main.storyboard in Resources */ = {isa = PBXBuildFile; fileRef = 85BEA5431CF3088A00AD2298 /* Main.storyboard */; };
		85BEA5471CF3088A00AD2298 /* Assets.xcassets in Resources */ = {isa = PBXBuildFile; fileRef = 85BEA5461CF3088A00AD2298 /* Assets.xcassets */; };
		85BEA54A1CF3088A00AD2298 /* LaunchScreen.storyboard in Resources */ = {isa = PBXBuildFile; fileRef = 85BEA5481CF3088A00AD2298 /* LaunchScreen.storyboard */; };
/* End PBXBuildFile section */

/* Begin PBXFileReference section */
		85BEA5371CF3088A00AD2298 /* OLNotification.app */ = {isa = PBXFileReference; explicitFileType = wrapper.application; includeInIndex = 0; path = OLNotification.app; sourceTree = BUILT_PRODUCTS_DIR; };
		85BEA53B1CF3088A00AD2298 /* main.m */ = {isa = PBXFileReference; lastKnownFileType = sourcecode.c.objc; path = main.m; sourceTree = "<group>"; };
		85BEA53D1CF3088A00AD2298 /* AppDelegate.h */ = {isa = PBXFileReference; lastKnownFileType = sourcecode.c.h; path = AppDelegate.h; sourceTree = "<group>"; };
		85BEA53E1CF3088A00AD2298 /* AppDelegate.m */ = {isa = PBXFileReference; lastKnownFileType = sourcecode.c.objc; path = AppDelegate.m; sourceTree = "<group>"; };
		85BEA5401CF3088A00AD2298 /* ViewController.h */ = {isa = PBXFileReference; lastKnownFileType = sourcecode.c.h; path = ViewController.h; sourceTree = "<group>"; };
		85BEA5411CF3088A00AD2298 /* ViewController.m */ = {isa = PBXFileReference; lastKnownFileType = sourcecode.c.objc; path = ViewController.m; sourceTree = "<group>"; };
		85BEA5441CF3088A00AD2298 /* Base */ = {isa = PBXFileReference; lastKnownFileType = file.storyboard; name = Base; path = Base.lproj/Main.storyboard; sourceTree = "<group>"; };
		85BEA5461CF3088A00AD2298 /* Assets.xcassets */ = {isa = PBXFileReference; lastKnownFileType = folder.assetcatalog; path = Assets.xcassets; sourceTree = "<group>"; };
		85BEA5491CF3088A00AD2298 /* Base */ = {isa = PBXFileReference; lastKnownFileType = file.storyboard; name = Base; path = Base.lproj/LaunchScreen.storyboard; sourceTree = "<group>"; };
		85BEA54B1CF3088A00AD2298 /* Info.plist */ = {isa = PBXFileReference; lastKnownFileType = text.plist.xml; path = Info.plist; sourceTree = "<group>"; };
/* End PBXFileReference section */

/* Begin PBXFrameworksBuildPhase section */
		85BEA5341CF3088A00AD2298 /* Frameworks */ = {
			isa = PBXFrameworksBuildPhase;
			buildActionMask = 2147483647;
			files = (
			);
			runOnlyForDeploymentPostprocessing = 0;
		};
/* End PBXFrameworksBuildPhase section */

/* Begin PBXGroup section */
		85BEA52E1CF3088A00AD2298 = {
			isa = PBXGroup;
			children = (
				85BEA5391CF3088A00AD2298 /* OLNotification */,
				85BEA5381CF3088A00AD2298 /* Products */,
			);
			sourceTree = "<group>";
		};
		85BEA5381CF3088A00AD2298 /* Products */ = {
			isa = PBXGroup;
			children = (
				85BEA5371CF3088A00AD2298 /* OLNotification.app */,
			);
			name = Products;
			sourceTree = "<group>";
		};
		85BEA5391CF3088A00AD2298 /* OLNotification */ = {
			isa = PBXGroup;
			children = (
				85BEA53D1CF3088A00AD2298 /* AppDelegate.h */,
				85BEA53E1CF3088A00AD2298 /* AppDelegate.m */,
				85BEA5401CF3088A00AD2298 /* ViewController.h */,
				85BEA5411CF3088A00AD2298 /* ViewController.m */,
				85BEA5431CF3088A00AD2298 /* Main.storyboard */,
				85BEA5461CF3088A00AD2298 /* Assets.xcassets */,
				85BEA5481CF3088A00AD2298 /* LaunchScreen.storyboard */,
				85BEA54B1CF3088A00AD2298 /* Info.plist */,
				85BEA53A1CF3088A00AD2298 /* Supporting Files */,
			);
			path = OLNotification;
			sourceTree = "<group>";
		};
		85BEA53A1CF3088A00AD2298 /* Supporting Files */ = {
			isa = PBXGroup;
			children = (
				85BEA53B1CF3088A00AD2298 /* main.m */,
			);
			name = "Supporting Files";
			sourceTree = "<group>";
		};
/* End PBXGroup section */

/* Begin PBXNativeTarget section */
		85BEA5361CF3088A00AD2298 /* OLNotification */ = {
			isa = PBXNativeTarget;
			buildConfigurationList = 85BEA54E1CF3088A00AD2298 /* Build configuration list for PBXNativeTarget "OLNotification" */;
			buildPhases = (
				85BEA5331CF3088A00AD2298 /* Sources */,
				85BEA5341CF3088A00AD2298 /* Frameworks */,
				85BEA5351CF3088A00AD2298 /* Resources */,
			);
			buildRules = (
			);
			dependencies = (
			);
			name = OLNotification;
			productName = OLNotification;
			productReference = 85BEA5371CF3088A00AD2298 /* OLNotification.app */;
			productType = "com.apple.product-type.application";
		};
/* End PBXNativeTarget section */

/* Begin PBXProject section */
		85BEA52F1CF3088A00AD2298 /* Project object */ = {
			isa = PBXProject;
			attributes = {
				CLASSPREFIX = OL;
				LastUpgradeCheck = 0730;
				ORGANIZATIONNAME = olive;
				TargetAttributes = {
					85BEA5361CF3088A00AD2298 = {
						CreatedOnToolsVersion = 7.3;
					};
				};
			};
			buildConfigurationList = 85BEA5321CF3088A00AD2298 /* Build configuration list for PBXProject "OLNotification" */;
			compatibilityVersion = "Xcode 3.2";
			developmentRegion = English;
			hasScannedForEncodings = 0;
			knownRegions = (
				en,
				Base,
			);
			mainGroup = 85BEA52E1CF3088A00AD2298;
			productRefGroup = 85BEA5381CF3088A00AD2298 /* Products */;
			projectDirPath = "";
			projectRoot = "";
			targets = (
				85BEA5361CF3088A00AD2298 /* OLNotification */,
			);
		};
/* End PBXProject section */

/* Begin PBXResourcesBuildPhase section */
		85BEA5351CF3088A00AD2298 /* Resources */ = {
			isa = PBXResourcesBuildPhase;
			buildActionMask = 2147483647;
			files = (
				85BEA54A1CF3088A00AD2298 /* LaunchScreen.storyboard in Resources */,
				85BEA5471CF3088A00AD2298 /* Assets.xcassets in Resources */,
				85BEA5451CF3088A00AD2298 /* Main.storyboard in Resources */,
			);
			runOnlyForDeploymentPostprocessing = 0;
		};
/* End PBXResourcesBuildPhase section */

/* Begin PBXSourcesBuildPhase section */
		85BEA5331CF3088A00AD2298 /* Sources */ = {
			isa = PBXSourcesBuildPhase;
			buildActionMask = 2147483647;
			files = (
				85BEA5421CF3088A00AD2298 /* ViewController.m in Sources */,
				85BEA53F1CF3088A00AD2298 /* AppDelegate.m in Sources */,
				85BEA53C1CF3088A00AD2298 /* main.m in Sources */,
			);
			runOnlyForDeploymentPostprocessing = 0;
		};
/* End PBXSourcesBuildPhase section */

/* Begin PBXVariantGroup section */
		85BEA5431CF3088A00AD2298 /* Main.storyboard */ = {
			isa = PBXVariantGroup;
			children = (
				85BEA5441CF3088A00AD2298 /* Base */,
			);
			name = Main.storyboard;
			sourceTree = "<group>";
		};
		85BEA5481CF3088A00AD2298 /* LaunchScreen.storyboard */ = {
			isa = PBXVariantGroup;
			children = (
				85BEA5491CF3088A00AD2298 /* Base */,
			);
			name = LaunchScreen.storyboard;
			sourceTree = "<group>";
		};
/* End PBXVariantGroup section */

/* Begin XCBuildConfiguration section */
		85BEA54C1CF3088A00AD2298 /* Debug */ = {
			isa = XCBuildConfiguration;
			buildSettings = {
				ALWAYS_SEARCH_USER_PATHS = NO;
				CLANG_ANALYZER_NONNULL = YES;
				CLANG_CXX_LANGUAGE_STANDARD = "gnu++0x";
				CLANG_CXX_LIBRARY = "libc++";
				CLANG_ENABLE_MODULES = YES;
				CLANG_ENABLE_OBJC_ARC = YES;
				CLANG_WARN_BOOL_CONVERSION = YES;
				CLANG_WARN_CONSTANT_CONVERSION = YES;
				CLANG_WARN_DIRECT_OBJC_ISA_USAGE = YES_ERROR;
				CLANG_WARN_EMPTY_BODY = YES;
				CLANG_WARN_ENUM_CONVERSION = YES;
				CLANG_WARN_INT_CONVERSION = YES;
				CLANG_WARN_OBJC_ROOT_CLASS = YES_ERROR;
				CLANG_WARN_UNREACHABLE_CODE = YES;
				CLANG_WARN__DUPLICATE_METHOD_MATCH = YES;
				"CODE_SIGN_IDENTITY[sdk=iphoneos*]" = "iPhone Developer";
				COPY_PHASE_STRIP = NO;
				DEBUG_INFORMATION_FORMAT = dwarf;
				ENABLE_STRICT_OBJC_MSGSEND = YES;
				ENABLE_TESTABILITY = YES;
				GCC_C_LANGUAGE_STANDARD = gnu99;
				GCC_DYNAMIC_NO_PIC = NO;
				GCC_NO_COMMON_BLOCKS = YES;
				GCC_OPTIMIZATION_LEVEL = 0;
				GCC_PREPROCESSOR_DEFINITIONS = (
					"DEBUG=1",
					"$(inherited)",
				);
				GCC_WARN_64_TO_32_BIT_CONVERSION = YES;
				GCC_WARN_ABOUT_RETURN_TYPE = YES_ERROR;
				GCC_WARN_UNDECLARED_SELECTOR = YES;
				GCC_WARN_UNINITIALIZED_AUTOS = YES_AGGRESSIVE;
				GCC_WARN_UNUSED_FUNCTION = YES;
				GCC_WARN_UNUSED_VARIABLE = YES;
				IPHONEOS_DEPLOYMENT_TARGET = 9.3;
				MTL_ENABLE_DEBUG_INFO = YES;
				ONLY_ACTIVE_ARCH = YES;
				SDKROOT = iphoneos;
				TARGETED_DEVICE_FAMILY = "1,2";
			};
			name = Debug;
		};
		85BEA54D1CF3088A00AD2298 /* Release */ = {
			isa = XCBuildConfiguration;
			buildSettings = {
				ALWAYS_SEARCH_USER_PATHS = NO;
				CLANG_ANALYZER_NONNULL = YES;
				CLANG_CXX_LANGUAGE_STANDARD = "gnu++0x";
				CLANG_CXX_LIBRARY = "libc++";
				CLANG_ENABLE_MODULES = YES;
				CLANG_ENABLE_OBJC_ARC = YES;
				CLANG_WARN_BOOL_CONVERSION = YES;
				CLANG_WARN_CONSTANT_CONVERSION = YES;
				CLANG_WARN_DIRECT_OBJC_ISA_USAGE = YES_ERROR;
				CLANG_WARN_EMPTY_BODY = YES;
				CLANG_WARN_ENUM_CONVERSION = YES;
				CLANG_WARN_INT_CONVERSION = YES;
				CLANG_WARN_OBJC_ROOT_CLASS = YES_ERROR;
				CLANG_WARN_UNREACHABLE_CODE = YES;
				CLANG_WARN__DUPLICATE_METHOD_MATCH = YES;
				"CODE_SIGN_IDENTITY[sdk=iphoneos*]" = "iPhone Developer";
				COPY_PHASE_STRIP = NO;
				DEBUG_INFORMATION_FORMAT = "dwarf-with-dsym";
				ENABLE_NS_ASSERTIONS = NO;
				ENABLE_STRICT_OBJC_MSGSEND = YES;
				GCC_C_LANGUAGE_STANDARD = gnu99;
				GCC_NO_COMMON_BLOCKS = YES;
				GCC_WARN_64_TO_32_BIT_CONVERSION = YES;
				GCC_WARN_ABOUT_RETURN_TYPE = YES_ERROR;
				GCC_WARN_UNDECLARED_SELECTOR = YES;
				GCC_WARN_UNINITIALIZED_AUTOS = YES_AGGRESSIVE;
				GCC_WARN_UNUSED_FUNCTION = YES;
				GCC_WARN_UNUSED_VARIABLE = YES;
				IPHONEOS_DEPLOYMENT_TARGET = 9.3;
				MTL_ENABLE_DEBUG_INFO = NO;
				SDKROOT = iphoneos;
				TARGETED_DEVICE_FAMILY = "1,2";
				VALIDATE_PRODUCT = YES;
			};
			name = Release;
		};
		85BEA54F1CF3088A00AD2298 /* Debug */ = {
			isa = XCBuildConfiguration;
			buildSettings = {
				ASSETCATALOG_COMPILER_APPICON_NAME = AppIcon;
				INFOPLIST_FILE = OLNotification/Info.plist;
				LD_RUNPATH_SEARCH_PATHS = "$(inherited) @executable_path/Frameworks";
				PRODUCT_BUNDLE_IDENTIFIER = com.mugua.OLNotification;
				PRODUCT_NAME = "$(TARGET_NAME)";
			};
			name = Debug;
		};
		85BEA5501CF3088A00AD2298 /* Release */ = {
			isa = XCBuildConfiguration;
			buildSettings = {
				ASSETCATALOG_COMPILER_APPICON_NAME = AppIcon;
				INFOPLIST_FILE = OLNotification/Info.plist;
				LD_RUNPATH_SEARCH_PATHS = "$(inherited) @executable_path/Frameworks";
				PRODUCT_BUNDLE_IDENTIFIER = com.mugua.OLNotification;
				PRODUCT_NAME = "$(TARGET_NAME)";
			};
			name = Release;
		};
/* End XCBuildConfiguration section */

/* Begin XCConfigurationList section */
		85BEA5321CF3088A00AD2298 /* Build configuration list for PBXProject "OLNotification" */ = {
			isa = XCConfigurationList;
			buildConfigurations = (
				85BEA54C1CF3088A00AD2298 /* Debug */,
				85BEA54D1CF3088A00AD2298 /* Release */,
			);
			defaultConfigurationIsVisible = 0;
			defaultConfigurationName = Release;
		};
		85BEA54E1CF3088A00AD2298 /* Build configuration list for PBXNativeTarget "OLNotification" */ = {
			isa = XCConfigurationList;
			buildConfigurations = (
				85BEA54F1CF3088A00AD2298 /* Debug */,
				85BEA5501CF3088A00AD2298 /* Release */,
			);
			defaultConfigurationIsVisible = 0;
		};
/* End XCConfigurationList section */
	};
	rootObject = 85BEA52F1CF3088A00AD2298 /* Project object */;
}
